
Microsoft Visual Studio Solution File, Format Version 12.00
# Visual Studio Version 16
VisualStudioVersion = 16.0.35826.135
MinimumVisualStudioVersion = 10.0.40219.1
Project("{FAE04EC0-301F-11D3-BF4B-00C04F79EFBC}") = "RedisServiceCtrl", "RedisServiceCtrl.csproj", "{49D8698B-F11B-4E27-9515-05488A759B02}"
EndProject
Global
	GlobalSection(SolutionConfigurationPlatforms) = preSolution
		Debug|Any CPU = Debug|Any CPU
		Release|Any CPU = Release|Any CPU
	EndGlobalSection
	GlobalSection(ProjectConfigurationPlatforms) = postSolution
		{49D8698B-F11B-4E27-9515-05488A759B02}.Debug|Any CPU.ActiveCfg = Debug|Any CPU
		{49D8698B-F11B-4E27-9515-05488A759B02}.Debug|Any CPU.Build.0 = Debug|Any CPU
		{49D8698B-F11B-4E27-9515-05488A759B02}.Release|Any CPU.ActiveCfg = Release|Any CPU
		{49D8698B-F11B-4E27-9515-05488A759B02}.Release|Any CPU.Build.0 = Release|Any CPU
	EndGlobalSection
	GlobalSection(SolutionProperties) = preSolution
		HideSolutionNode = FALSE
	EndGlobalSection
	GlobalSection(ExtensibilityGlobals) = postSolution
		SolutionGuid = {ED640566-C936-4DAF-B66D-670238AC6648}
	EndGlobalSection
EndGlobal
